{
  "name": "math2text",
  "version": "1.0.0",
  "lockfileVersion": 1,
  "requires": true,
  "dependencies": {
    "@types/moo": {
      "version": "0.5.3",
      "resolved": "https://registry.npmjs.org/@types/moo/-/moo-0.5.3.tgz",
      "integrity": "sha512-PJJ/jvb5Gor8DWvXN3e75njfQyYNRz0PaFSZ3br9GfHM9N2FxvuJ/E/ytcQePJOLzHlvgFSsIJIvfUMUxWTbnA=="
    },
    "@types/nearley": {
      "version": "2.11.1",
      "resolved": "https://registry.npmjs.org/@types/nearley/-/nearley-2.11.1.tgz",
      "integrity": "sha512-oaAg5gn74VFpPYs6Ou2pjDao3WJxnlnH29q9rLOxSGb0PTw2QtBQcTAN9xs1OAHrtI9En5kIXKM96stf7//c9w==",
      "dev": true
    },
    "@types/node": {
      "version": "13.13.2",
      "resolved": "https://registry.npmjs.org/@types/node/-/node-13.13.2.tgz",
      "integrity": "sha512-LB2R1Oyhpg8gu4SON/mfforE525+Hi/M1ineICEDftqNVTyFg1aRIeGuTvXAoWHc4nbrFncWtJgMmoyRvuGh7A==",
      "dev": true
    },
    "@types/parsimmon": {
      "version": "1.10.1",
      "resolved": "https://registry.npmjs.org/@types/parsimmon/-/parsimmon-1.10.1.tgz",
      "integrity": "sha512-MoF2IC9oGSgArJwlxdst4XsvWuoYfNUWtBw0kpnCi6K05kV+Ecl7siEeJ40tgCbI9uqEMGQL/NlPMRv6KVkY5Q=="
    },
    "@types/random": {
      "version": "2.1.1",
      "resolved": "https://registry.npmjs.org/@types/random/-/random-2.1.1.tgz",
      "integrity": "sha512-TsVl/iU0dkOAm84OcnDhLXXtSJtlxb6W/Ue1vkETsH3s/xfranVHqqQA2aTB7Xv1snvNiENrA0oH9/KZ0I9UNg=="
    },
    "@types/random-item": {
      "version": "2.0.0",
      "resolved": "https://registry.npmjs.org/@types/random-item/-/random-item-2.0.0.tgz",
      "integrity": "sha512-5ZmSAb28Y4pHLHsNPotK23ONR7Hm+XQ28Q+2edS+2EYq+82KC4WPk2YDCjTAygYptHKjJdfTpWzFDICzmhLfIg==",
      "requires": {
        "random-item": "*"
      }
    },
    "@types/shuffle-array": {
      "version": "0.0.28",
      "resolved": "https://registry.npmjs.org/@types/shuffle-array/-/shuffle-array-0.0.28.tgz",
      "integrity": "sha1-oeENIKQJ9lKJksR5H6hS/7EOaZY="
    },
    "babel-runtime": {
      "version": "6.26.0",
      "resolved": "https://registry.npmjs.org/babel-runtime/-/babel-runtime-6.26.0.tgz",
      "integrity": "sha1-llxwWGaOgrVde/4E/yM3vItWR/4=",
      "requires": {
        "core-js": "^2.4.0",
        "regenerator-runtime": "^0.11.0"
      }
    },
    "commander": {
      "version": "2.20.3",
      "resolved": "https://registry.npmjs.org/commander/-/commander-2.20.3.tgz",
      "integrity": "sha512-GpVkmM8vF2vQUkj2LvZmD35JxeJOLCwJ9cUkugyk2nuhbv3+mJvpLYYt+0+USMxE+oj+ey/lJEnhZw75x/OMcQ=="
    },
    "core-js": {
      "version": "2.6.11",
      "resolved": "https://registry.npmjs.org/core-js/-/core-js-2.6.11.tgz",
      "integrity": "sha512-5wjnpaT/3dV+XB4borEsnAYQchn00XSgTAWKDkEqv+K8KevjbzmofK6hfJ9TZIlpj2N0xQpazy7PiRQiWHqzWg=="
    },
    "discontinuous-range": {
      "version": "1.0.0",
      "resolved": "https://registry.npmjs.org/discontinuous-range/-/discontinuous-range-1.0.0.tgz",
      "integrity": "sha1-44Mx8IRLukm5qctxx3FYWqsbxlo="
    },
    "moo": {
      "version": "0.5.1",
      "resolved": "https://registry.npmjs.org/moo/-/moo-0.5.1.tgz",
      "integrity": "sha512-I1mnb5xn4fO80BH9BLcF0yLypy2UKl+Cb01Fu0hJRkJjlCRtxZMWkTdAtDd5ZqCOxtCkhmRwyI57vWT+1iZ67w=="
    },
    "nearley": {
      "version": "2.19.2",
      "resolved": "https://registry.npmjs.org/nearley/-/nearley-2.19.2.tgz",
      "integrity": "sha512-h6lygT0BWAGErDvoE2LfI+tDeY2+UUrqG5dcBPdCmjnjud9z1wE0P7ljb85iNbE93YA+xJLpoSYGMuUqhnSSSA==",
      "requires": {
        "commander": "^2.19.0",
        "moo": "^0.5.0",
        "railroad-diagrams": "^1.0.0",
        "randexp": "0.4.6",
        "semver": "^5.4.1"
      }
    },
    "nearly": {
      "version": "1.8.1",
      "resolved": "https://registry.npmjs.org/nearly/-/nearly-1.8.1.tgz",
      "integrity": "sha1-afCKPnnltliic5T1XVJvUwDQCfA="
    },
    "ow": {
      "version": "0.4.0",
      "resolved": "https://registry.npmjs.org/ow/-/ow-0.4.0.tgz",
      "integrity": "sha512-kJNzxUgVd6EF5LoGs+s2/etJPwjfRDLXPTCfEgV8At77sRrV+PSFA8lcoW2HF15Qd455mIR2Stee/2MzDiFBDA=="
    },
    "ow-lite": {
      "version": "0.0.2",
      "resolved": "https://registry.npmjs.org/ow-lite/-/ow-lite-0.0.2.tgz",
      "integrity": "sha1-359QDmdAtlkKHpqWVzDUmo61l9E="
    },
    "parsimmon": {
      "version": "1.13.0",
      "resolved": "https://registry.npmjs.org/parsimmon/-/parsimmon-1.13.0.tgz",
      "integrity": "sha512-5UIrOCW+gjbILkjKPgTgmq8LKf8TT3Iy7kN2VD7OtQ81facKn8B4gG1X94jWqXYZsxG2KbJhrv/Yq/5H6BQn7A=="
    },
    "railroad-diagrams": {
      "version": "1.0.0",
      "resolved": "https://registry.npmjs.org/railroad-diagrams/-/railroad-diagrams-1.0.0.tgz",
      "integrity": "sha1-635iZ1SN3t+4mcG5Dlc3RVnN234="
    },
    "randexp": {
      "version": "0.4.6",
      "resolved": "https://registry.npmjs.org/randexp/-/randexp-0.4.6.tgz",
      "integrity": "sha512-80WNmd9DA0tmZrw9qQa62GPPWfuXJknrmVmLcxvq4uZBdYqb1wYoKTmnlGUchvVWe0XiLupYkBoXVOxz3C8DYQ==",
      "requires": {
        "discontinuous-range": "1.0.0",
        "ret": "~0.1.10"
      }
    },
    "random": {
      "version": "2.2.0",
      "resolved": "https://registry.npmjs.org/random/-/random-2.2.0.tgz",
      "integrity": "sha512-4HBR4Xye4jJ41QBi6RfIaO1yKQpxVUZafQtdE6NvvjzirNlwWgsk3tkGLTbQtWUarF4ofZsUVEmWqB1TDQlkwA==",
      "requires": {
        "babel-runtime": "^6.26.0",
        "ow": "^0.4.0",
        "ow-lite": "^0.0.2",
        "seedrandom": "^3.0.5"
      }
    },
    "random-item": {
      "version": "3.0.0",
      "resolved": "https://registry.npmjs.org/random-item/-/random-item-3.0.0.tgz",
      "integrity": "sha512-IpO3Jk9/Dt79R7iS/Fn2d2asGXahMNnXLNRsgSmjTTtiS0tZ972BWEEm9uUgm3YAon5YFUt8126FA9wJAjmeZw=="
    },
    "regenerator-runtime": {
      "version": "0.11.1",
      "resolved": "https://registry.npmjs.org/regenerator-runtime/-/regenerator-runtime-0.11.1.tgz",
      "integrity": "sha512-MguG95oij0fC3QV3URf4V2SDYGJhJnJGqvIIgdECeODCT98wSWDAJ94SSuVpYQUoTcGUIL6L4yNB7j1DFFHSBg=="
    },
    "ret": {
      "version": "0.1.15",
      "resolved": "https://registry.npmjs.org/ret/-/ret-0.1.15.tgz",
      "integrity": "sha512-TTlYpa+OL+vMMNG24xSlQGEJ3B/RzEfUlLct7b5G/ytav+wPrplCpVMFuwzXbkecJrb6IYo1iFb0S9v37754mg=="
    },
    "seedrandom": {
      "version": "3.0.5",
      "resolved": "https://registry.npmjs.org/seedrandom/-/seedrandom-3.0.5.tgz",
      "integrity": "sha512-8OwmbklUNzwezjGInmZ+2clQmExQPvomqjL7LFqOYqtmuxRgQYqOD3mHaU+MvZn5FLUeVxVfQjwLZW/n/JFuqg=="
    },
    "semver": {
      "version": "5.7.1",
      "resolved": "https://registry.npmjs.org/semver/-/semver-5.7.1.tgz",
      "integrity": "sha512-sauaDf/PZdVgrLTNYHRtpXa1iRiKcaebiKQ1BJdpQlWH2lCvexQdX55snPFyK7QzpudqbCI0qXFfOasHdyNDGQ=="
    },
    "shuffle-array": {
      "version": "1.0.1",
      "resolved": "https://registry.npmjs.org/shuffle-array/-/shuffle-array-1.0.1.tgz",
      "integrity": "sha1-xP88/nTRb5NzBZIwGyXmV3sSiYs="
    },
    "utils.random": {
      "version": "1.0.1",
      "resolved": "https://registry.npmjs.org/utils.random/-/utils.random-1.0.1.tgz",
      "integrity": "sha512-X4aP1XF1hpDTNi71bWDHozSoNRteZ62d6HqBPvyYQuhg9zXvG/FlKXExWz4DcvzAFJUwdEqKqTCyl/4jSoSbpA=="
    }
  }
}
